
Microsoft Visual Studio Solution File, Format Version 12.00
# Visual Studio Version 16
VisualStudioVersion = 16.0.30517.126
MinimumVisualStudioVersion = 15.0.26124.0
Project("{2150E333-8FDC-42A3-9474-1A3956D46DE8}") = "Faces", "Faces", "{512D864A-B7F5-465A-A2D3-247D2FBDE08A}"
EndProject
Project("{9A19103F-16F7-4668-BE54-9A1E7A4F7556}") = "FacesApi", "Faces\FacesApi\FacesApi.csproj", "{CAA00675-8B97-49BC-A013-88069ED81888}"
EndProject
Project("{9A19103F-16F7-4668-BE54-9A1E7A4F7556}") = "FacesApiTest", "Faces\FacesApiTest\FacesApiTest.csproj", "{D1E6404A-3244-4792-8E82-21D028F12DDD}"
EndProject
Project("{2150E333-8FDC-42A3-9474-1A3956D46DE8}") = "Faces.SharedLib", "Faces.SharedLib", "{15A4FD04-1B8D-43C9-9AF9-B3881FB47C40}"
EndProject
Project("{9A19103F-16F7-4668-BE54-9A1E7A4F7556}") = "Messaging.InterfacesConstant", "Faces.SharedLib\Messaging.InterfacesConstant\Messaging.InterfacesConstant.csproj", "{C195D217-45CC-4306-B138-D7F67AA240D7}"
EndProject
Project("{2150E333-8FDC-42A3-9474-1A3956D46DE8}") = "Faces.Web", "Faces.Web", "{05D3310E-2D94-444C-A05C-F0C471CD1609}"
EndProject
Project("{9A19103F-16F7-4668-BE54-9A1E7A4F7556}") = "Faces.WebMVC", "Faces.WebMVC\Faces.WebMVC.csproj", "{C9BC9CB0-FFD2-4CCA-A815-F1B5AFD378D6}"
EndProject
Project("{2150E333-8FDC-42A3-9474-1A3956D46DE8}") = "Orders", "Orders", "{056E34CB-6D19-4E7C-834C-BA36243EAD3E}"
EndProject
Project("{FAE04EC0-301F-11D3-BF4B-00C04F79EFBC}") = "OrdersApi", "OrdersApi\OrdersApi.csproj", "{64DEBB1E-7B35-40D3-BA44-7B6C586570CB}"
EndProject
Global
	GlobalSection(SolutionConfigurationPlatforms) = preSolution
		Debug|Any CPU = Debug|Any CPU
		Debug|x64 = Debug|x64
		Debug|x86 = Debug|x86
		Release|Any CPU = Release|Any CPU
		Release|x64 = Release|x64
		Release|x86 = Release|x86
	EndGlobalSection
	GlobalSection(ProjectConfigurationPlatforms) = postSolution
		{CAA00675-8B97-49BC-A013-88069ED81888}.Debug|Any CPU.ActiveCfg = Debug|Any CPU
		{CAA00675-8B97-49BC-A013-88069ED81888}.Debug|Any CPU.Build.0 = Debug|Any CPU
		{CAA00675-8B97-49BC-A013-88069ED81888}.Debug|x64.ActiveCfg = Debug|Any CPU
		{CAA00675-8B97-49BC-A013-88069ED81888}.Debug|x64.Build.0 = Debug|Any CPU
		{CAA00675-8B97-49BC-A013-88069ED81888}.Debug|x86.ActiveCfg = Debug|Any CPU
		{CAA00675-8B97-49BC-A013-88069ED81888}.Debug|x86.Build.0 = Debug|Any CPU
		{CAA00675-8B97-49BC-A013-88069ED81888}.Release|Any CPU.ActiveCfg = Release|Any CPU
		{CAA00675-8B97-49BC-A013-88069ED81888}.Release|Any CPU.Build.0 = Release|Any CPU
		{CAA00675-8B97-49BC-A013-88069ED81888}.Release|x64.ActiveCfg = Release|Any CPU
		{CAA00675-8B97-49BC-A013-88069ED81888}.Release|x64.Build.0 = Release|Any CPU
		{CAA00675-8B97-49BC-A013-88069ED81888}.Release|x86.ActiveCfg = Release|Any CPU
		{CAA00675-8B97-49BC-A013-88069ED81888}.Release|x86.Build.0 = Release|Any CPU
		{D1E6404A-3244-4792-8E82-21D028F12DDD}.Debug|Any CPU.ActiveCfg = Debug|Any CPU
		{D1E6404A-3244-4792-8E82-21D028F12DDD}.Debug|Any CPU.Build.0 = Debug|Any CPU
		{D1E6404A-3244-4792-8E82-21D028F12DDD}.Debug|x64.ActiveCfg = Debug|Any CPU
		{D1E6404A-3244-4792-8E82-21D028F12DDD}.Debug|x64.Build.0 = Debug|Any CPU
		{D1E6404A-3244-4792-8E82-21D028F12DDD}.Debug|x86.ActiveCfg = Debug|Any CPU
		{D1E6404A-3244-4792-8E82-21D028F12DDD}.Debug|x86.Build.0 = Debug|Any CPU
		{D1E6404A-3244-4792-8E82-21D028F12DDD}.Release|Any CPU.ActiveCfg = Release|Any CPU
		{D1E6404A-3244-4792-8E82-21D028F12DDD}.Release|Any CPU.Build.0 = Release|Any CPU
		{D1E6404A-3244-4792-8E82-21D028F12DDD}.Release|x64.ActiveCfg = Release|Any CPU
		{D1E6404A-3244-4792-8E82-21D028F12DDD}.Release|x64.Build.0 = Release|Any CPU
		{D1E6404A-3244-4792-8E82-21D028F12DDD}.Release|x86.ActiveCfg = Release|Any CPU
		{D1E6404A-3244-4792-8E82-21D028F12DDD}.Release|x86.Build.0 = Release|Any CPU
		{C195D217-45CC-4306-B138-D7F67AA240D7}.Debug|Any CPU.ActiveCfg = Debug|Any CPU
		{C195D217-45CC-4306-B138-D7F67AA240D7}.Debug|Any CPU.Build.0 = Debug|Any CPU
		{C195D217-45CC-4306-B138-D7F67AA240D7}.Debug|x64.ActiveCfg = Debug|Any CPU
		{C195D217-45CC-4306-B138-D7F67AA240D7}.Debug|x64.Build.0 = Debug|Any CPU
		{C195D217-45CC-4306-B138-D7F67AA240D7}.Debug|x86.ActiveCfg = Debug|Any CPU
		{C195D217-45CC-4306-B138-D7F67AA240D7}.Debug|x86.Build.0 = Debug|Any CPU
		{C195D217-45CC-4306-B138-D7F67AA240D7}.Release|Any CPU.ActiveCfg = Release|Any CPU
		{C195D217-45CC-4306-B138-D7F67AA240D7}.Release|Any CPU.Build.0 = Release|Any CPU
		{C195D217-45CC-4306-B138-D7F67AA240D7}.Release|x64.ActiveCfg = Release|Any CPU
		{C195D217-45CC-4306-B138-D7F67AA240D7}.Release|x64.Build.0 = Release|Any CPU
		{C195D217-45CC-4306-B138-D7F67AA240D7}.Release|x86.ActiveCfg = Release|Any CPU
		{C195D217-45CC-4306-B138-D7F67AA240D7}.Release|x86.Build.0 = Release|Any CPU
		{C9BC9CB0-FFD2-4CCA-A815-F1B5AFD378D6}.Debug|Any CPU.ActiveCfg = Debug|Any CPU
		{C9BC9CB0-FFD2-4CCA-A815-F1B5AFD378D6}.Debug|Any CPU.Build.0 = Debug|Any CPU
		{C9BC9CB0-FFD2-4CCA-A815-F1B5AFD378D6}.Debug|x64.ActiveCfg = Debug|Any CPU
		{C9BC9CB0-FFD2-4CCA-A815-F1B5AFD378D6}.Debug|x64.Build.0 = Debug|Any CPU
		{C9BC9CB0-FFD2-4CCA-A815-F1B5AFD378D6}.Debug|x86.ActiveCfg = Debug|Any CPU
		{C9BC9CB0-FFD2-4CCA-A815-F1B5AFD378D6}.Debug|x86.Build.0 = Debug|Any CPU
		{C9BC9CB0-FFD2-4CCA-A815-F1B5AFD378D6}.Release|Any CPU.ActiveCfg = Release|Any CPU
		{C9BC9CB0-FFD2-4CCA-A815-F1B5AFD378D6}.Release|Any CPU.Build.0 = Release|Any CPU
		{C9BC9CB0-FFD2-4CCA-A815-F1B5AFD378D6}.Release|x64.ActiveCfg = Release|Any CPU
		{C9BC9CB0-FFD2-4CCA-A815-F1B5AFD378D6}.Release|x64.Build.0 = Release|Any CPU
		{C9BC9CB0-FFD2-4CCA-A815-F1B5AFD378D6}.Release|x86.ActiveCfg = Release|Any CPU
		{C9BC9CB0-FFD2-4CCA-A815-F1B5AFD378D6}.Release|x86.Build.0 = Release|Any CPU
		{64DEBB1E-7B35-40D3-BA44-7B6C586570CB}.Debug|Any CPU.ActiveCfg = Debug|Any CPU
		{64DEBB1E-7B35-40D3-BA44-7B6C586570CB}.Debug|Any CPU.Build.0 = Debug|Any CPU
		{64DEBB1E-7B35-40D3-BA44-7B6C586570CB}.Debug|x64.ActiveCfg = Debug|Any CPU
		{64DEBB1E-7B35-40D3-BA44-7B6C586570CB}.Debug|x64.Build.0 = Debug|Any CPU
		{64DEBB1E-7B35-40D3-BA44-7B6C586570CB}.Debug|x86.ActiveCfg = Debug|Any CPU
		{64DEBB1E-7B35-40D3-BA44-7B6C586570CB}.Debug|x86.Build.0 = Debug|Any CPU
		{64DEBB1E-7B35-40D3-BA44-7B6C586570CB}.Release|Any CPU.ActiveCfg = Release|Any CPU
		{64DEBB1E-7B35-40D3-BA44-7B6C586570CB}.Release|Any CPU.Build.0 = Release|Any CPU
		{64DEBB1E-7B35-40D3-BA44-7B6C586570CB}.Release|x64.ActiveCfg = Release|Any CPU
		{64DEBB1E-7B35-40D3-BA44-7B6C586570CB}.Release|x64.Build.0 = Release|Any CPU
		{64DEBB1E-7B35-40D3-BA44-7B6C586570CB}.Release|x86.ActiveCfg = Release|Any CPU
		{64DEBB1E-7B35-40D3-BA44-7B6C586570CB}.Release|x86.Build.0 = Release|Any CPU
	EndGlobalSection
	GlobalSection(SolutionProperties) = preSolution
		HideSolutionNode = FALSE
	EndGlobalSection
	GlobalSection(NestedProjects) = preSolution
		{CAA00675-8B97-49BC-A013-88069ED81888} = {512D864A-B7F5-465A-A2D3-247D2FBDE08A}
		{D1E6404A-3244-4792-8E82-21D028F12DDD} = {512D864A-B7F5-465A-A2D3-247D2FBDE08A}
		{C195D217-45CC-4306-B138-D7F67AA240D7} = {15A4FD04-1B8D-43C9-9AF9-B3881FB47C40}
		{C9BC9CB0-FFD2-4CCA-A815-F1B5AFD378D6} = {05D3310E-2D94-444C-A05C-F0C471CD1609}
		{64DEBB1E-7B35-40D3-BA44-7B6C586570CB} = {056E34CB-6D19-4E7C-834C-BA36243EAD3E}
	EndGlobalSection
	GlobalSection(ExtensibilityGlobals) = postSolution
		SolutionGuid = {19F46F55-F94F-491B-849D-2C37DD16B54A}
	EndGlobalSection
EndGlobal
